
Microsoft Visual Studio Solution File, Format Version 12.00
# Visual Studio 15
VisualStudioVersion = 15.0.27130.2010
MinimumVisualStudioVersion = 10.0.40219.1
Project("{9A19103F-16F7-4668-BE54-9A1E7A4F7556}") = "MqttDemo", "MqttDemo.csproj", "{DD0675A3-C494-4506-ACC3-6699B62FCEDD}"
EndProject
Global
	GlobalSection(SolutionConfigurationPlatforms) = preSolution
		Debug|Any CPU = Debug|Any CPU
		Release|Any CPU = Release|Any CPU
	EndGlobalSection
	GlobalSection(ProjectConfigurationPlatforms) = postSolution
		{DD0675A3-C494-4506-ACC3-6699B62FCEDD}.Debug|Any CPU.ActiveCfg = Debug|Any CPU
		{DD0675A3-C494-4506-ACC3-6699B62FCEDD}.Debug|Any CPU.Build.0 = Debug|Any CPU
		{DD0675A3-C494-4506-ACC3-6699B62FCEDD}.Release|Any CPU.ActiveCfg = Release|Any CPU
		{DD0675A3-C494-4506-ACC3-6699B62FCEDD}.Release|Any CPU.Build.0 = Release|Any CPU
	EndGlobalSection
	GlobalSection(SolutionProperties) = preSolution
		HideSolutionNode = FALSE
	EndGlobalSection
	GlobalSection(ExtensibilityGlobals) = postSolution
		SolutionGuid = {2AC7FA44-C10A-4398-AC05-66CBFE00DFD7}
	EndGlobalSection
EndGlobal
