
Microsoft Visual Studio Solution File, Format Version 12.00
# Visual Studio 15
VisualStudioVersion = 15.0.27004.2005
MinimumVisualStudioVersion = 10.0.40219.1
Project("{2150E333-8FDC-42A3-9474-1A3956D46DE8}") = "Source", "Source", "{5A930548-B298-4D05-A0FB-F0A52ABBC56E}"
EndProject
Project("{2150E333-8FDC-42A3-9474-1A3956D46DE8}") = "Test", "Test", "{7C49AB31-F80B-485D-88EB-D6732D666DC6}"
EndProject
Project("{9A19103F-16F7-4668-BE54-9A1E7A4F7556}") = "MQTTnet.Core", "..\..\Externals\MQTTnet\src\MQTTnet.Core\MQTTnet.Core.csproj", "{573AFCF7-D259-4B86-8E00-2E0456DE4EF9}"
EndProject
Project("{9A19103F-16F7-4668-BE54-9A1E7A4F7556}") = "MQTTnet.Netstandard", "..\..\Externals\MQTTnet\src\MQTTnet.NetStandard\MQTTnet.Netstandard.csproj", "{187EF8EB-10DD-4289-9C0F-4E9519138D76}"
EndProject
Project("{9A19103F-16F7-4668-BE54-9A1E7A4F7556}") = "MQTT.NetStandard", "src\MQTT.Client.NetStandard\MQTT.NetStandard.csproj", "{D4F3B9BB-2B5F-47DC-BB91-6676BADE0591}"
EndProject
Project("{9A19103F-16F7-4668-BE54-9A1E7A4F7556}") = "MQTT.Test", "test\MQTT.Client.NetStandard\MQTT.Test.csproj", "{1074F663-DF88-499E-BB3E-784614F8387A}"
EndProject
Global
	GlobalSection(SolutionConfigurationPlatforms) = preSolution
		Debug|Any CPU = Debug|Any CPU
		Release|Any CPU = Release|Any CPU
	EndGlobalSection
	GlobalSection(ProjectConfigurationPlatforms) = postSolution
		{573AFCF7-D259-4B86-8E00-2E0456DE4EF9}.Debug|Any CPU.ActiveCfg = Debug|Any CPU
		{573AFCF7-D259-4B86-8E00-2E0456DE4EF9}.Debug|Any CPU.Build.0 = Debug|Any CPU
		{573AFCF7-D259-4B86-8E00-2E0456DE4EF9}.Release|Any CPU.ActiveCfg = Release|Any CPU
		{573AFCF7-D259-4B86-8E00-2E0456DE4EF9}.Release|Any CPU.Build.0 = Release|Any CPU
		{187EF8EB-10DD-4289-9C0F-4E9519138D76}.Debug|Any CPU.ActiveCfg = Debug|Any CPU
		{187EF8EB-10DD-4289-9C0F-4E9519138D76}.Debug|Any CPU.Build.0 = Debug|Any CPU
		{187EF8EB-10DD-4289-9C0F-4E9519138D76}.Release|Any CPU.ActiveCfg = Release|Any CPU
		{187EF8EB-10DD-4289-9C0F-4E9519138D76}.Release|Any CPU.Build.0 = Release|Any CPU
		{D4F3B9BB-2B5F-47DC-BB91-6676BADE0591}.Debug|Any CPU.ActiveCfg = Debug|Any CPU
		{D4F3B9BB-2B5F-47DC-BB91-6676BADE0591}.Debug|Any CPU.Build.0 = Debug|Any CPU
		{D4F3B9BB-2B5F-47DC-BB91-6676BADE0591}.Release|Any CPU.ActiveCfg = Release|Any CPU
		{D4F3B9BB-2B5F-47DC-BB91-6676BADE0591}.Release|Any CPU.Build.0 = Release|Any CPU
		{1074F663-DF88-499E-BB3E-784614F8387A}.Debug|Any CPU.ActiveCfg = Debug|Any CPU
		{1074F663-DF88-499E-BB3E-784614F8387A}.Debug|Any CPU.Build.0 = Debug|Any CPU
		{1074F663-DF88-499E-BB3E-784614F8387A}.Release|Any CPU.ActiveCfg = Release|Any CPU
		{1074F663-DF88-499E-BB3E-784614F8387A}.Release|Any CPU.Build.0 = Release|Any CPU
	EndGlobalSection
	GlobalSection(SolutionProperties) = preSolution
		HideSolutionNode = FALSE
	EndGlobalSection
	GlobalSection(NestedProjects) = preSolution
		{573AFCF7-D259-4B86-8E00-2E0456DE4EF9} = {5A930548-B298-4D05-A0FB-F0A52ABBC56E}
		{187EF8EB-10DD-4289-9C0F-4E9519138D76} = {5A930548-B298-4D05-A0FB-F0A52ABBC56E}
		{D4F3B9BB-2B5F-47DC-BB91-6676BADE0591} = {5A930548-B298-4D05-A0FB-F0A52ABBC56E}
		{1074F663-DF88-499E-BB3E-784614F8387A} = {7C49AB31-F80B-485D-88EB-D6732D666DC6}
	EndGlobalSection
	GlobalSection(ExtensibilityGlobals) = postSolution
		SolutionGuid = {1E9E2C30-4D7D-4C76-88FB-57EC72AB8BB6}
	EndGlobalSection
EndGlobal
