
Microsoft Visual Studio Solution File, Format Version 12.00
# Visual Studio 15
VisualStudioVersion = 15.0.27004.2005
MinimumVisualStudioVersion = 10.0.40219.1
Project("{2150E333-8FDC-42A3-9474-1A3956D46DE8}") = "Source", "Source", "{5A930548-B298-4D05-A0FB-F0A52ABBC56E}"
EndProject
Project("{2150E333-8FDC-42A3-9474-1A3956D46DE8}") = "Test", "Test", "{7C49AB31-F80B-485D-88EB-D6732D666DC6}"
EndProject
Project("{9A19103F-16F7-4668-BE54-9A1E7A4F7556}") = "Cumulocity.MQTT.NetStandard", "src\MQTT.Client.NetStandard\src\Cumulocity.MQTT.NetStandard.csproj", "{9C60689E-D6C4-47F6-9EDB-375E47689B46}"
EndProject
Project("{9A19103F-16F7-4668-BE54-9A1E7A4F7556}") = "MQTTnet.Netstandard", "..\..\Externals\MQTTnet\MQTTnet.NetStandard\src\MQTTnet.Netstandard.csproj", "{12DDE741-5AC5-480C-A0C1-BF868AE80EF7}"
EndProject
Project("{9A19103F-16F7-4668-BE54-9A1E7A4F7556}") = "MQTTnet.Core", "..\..\Externals\MQTTnet\MQTTnet.Core\src\MQTTnet.Core.csproj", "{B15999D8-3BAB-41FC-A2B6-877BD089BA07}"
EndProject
Project("{9A19103F-16F7-4668-BE54-9A1E7A4F7556}") = "Cumulocity.MQTT.Test", "src\MQTT.Client.NetStandard\test\Cumulocity.MQTT.Test.csproj", "{D1994CF4-CB2D-4187-8091-72DE8842F738}"
EndProject
Global
	GlobalSection(SolutionConfigurationPlatforms) = preSolution
		Debug|Any CPU = Debug|Any CPU
		Release|Any CPU = Release|Any CPU
	EndGlobalSection
	GlobalSection(ProjectConfigurationPlatforms) = postSolution
		{9C60689E-D6C4-47F6-9EDB-375E47689B46}.Debug|Any CPU.ActiveCfg = Debug|Any CPU
		{9C60689E-D6C4-47F6-9EDB-375E47689B46}.Debug|Any CPU.Build.0 = Debug|Any CPU
		{9C60689E-D6C4-47F6-9EDB-375E47689B46}.Release|Any CPU.ActiveCfg = Release|Any CPU
		{9C60689E-D6C4-47F6-9EDB-375E47689B46}.Release|Any CPU.Build.0 = Release|Any CPU
		{12DDE741-5AC5-480C-A0C1-BF868AE80EF7}.Debug|Any CPU.ActiveCfg = Debug|Any CPU
		{12DDE741-5AC5-480C-A0C1-BF868AE80EF7}.Debug|Any CPU.Build.0 = Debug|Any CPU
		{12DDE741-5AC5-480C-A0C1-BF868AE80EF7}.Release|Any CPU.ActiveCfg = Release|Any CPU
		{12DDE741-5AC5-480C-A0C1-BF868AE80EF7}.Release|Any CPU.Build.0 = Release|Any CPU
		{B15999D8-3BAB-41FC-A2B6-877BD089BA07}.Debug|Any CPU.ActiveCfg = Debug|Any CPU
		{B15999D8-3BAB-41FC-A2B6-877BD089BA07}.Debug|Any CPU.Build.0 = Debug|Any CPU
		{B15999D8-3BAB-41FC-A2B6-877BD089BA07}.Release|Any CPU.ActiveCfg = Release|Any CPU
		{B15999D8-3BAB-41FC-A2B6-877BD089BA07}.Release|Any CPU.Build.0 = Release|Any CPU
		{D1994CF4-CB2D-4187-8091-72DE8842F738}.Debug|Any CPU.ActiveCfg = Debug|Any CPU
		{D1994CF4-CB2D-4187-8091-72DE8842F738}.Debug|Any CPU.Build.0 = Debug|Any CPU
		{D1994CF4-CB2D-4187-8091-72DE8842F738}.Release|Any CPU.ActiveCfg = Release|Any CPU
		{D1994CF4-CB2D-4187-8091-72DE8842F738}.Release|Any CPU.Build.0 = Release|Any CPU
	EndGlobalSection
	GlobalSection(SolutionProperties) = preSolution
		HideSolutionNode = FALSE
	EndGlobalSection
	GlobalSection(NestedProjects) = preSolution
		{9C60689E-D6C4-47F6-9EDB-375E47689B46} = {5A930548-B298-4D05-A0FB-F0A52ABBC56E}
		{12DDE741-5AC5-480C-A0C1-BF868AE80EF7} = {5A930548-B298-4D05-A0FB-F0A52ABBC56E}
		{B15999D8-3BAB-41FC-A2B6-877BD089BA07} = {5A930548-B298-4D05-A0FB-F0A52ABBC56E}
		{D1994CF4-CB2D-4187-8091-72DE8842F738} = {7C49AB31-F80B-485D-88EB-D6732D666DC6}
	EndGlobalSection
	GlobalSection(ExtensibilityGlobals) = postSolution
		SolutionGuid = {1E9E2C30-4D7D-4C76-88FB-57EC72AB8BB6}
	EndGlobalSection
EndGlobal
