
Microsoft Visual Studio Solution File, Format Version 12.00
# Visual Studio 15
VisualStudioVersion = 15.0.27004.2005
MinimumVisualStudioVersion = 10.0.40219.1
Project("{2150E333-8FDC-42A3-9474-1A3956D46DE8}") = "source", "source", "{920E7C72-1659-4DCF-BB20-B02F4013681E}"
EndProject
Project("{2150E333-8FDC-42A3-9474-1A3956D46DE8}") = "test", "test", "{FF193B7A-E9FB-483B-AB9A-EC4B61250D75}"
EndProject
Project("{9A19103F-16F7-4668-BE54-9A1E7A4F7556}") = "MQTTnet.Core", "..\..\Externals\MQTTnet\src\MQTTnet.Core\MQTTnet.Core.csproj", "{1644AC31-7622-4CBD-A444-CCD9F2B8AC68}"
EndProject
Project("{FAE04EC0-301F-11D3-BF4B-00C04F79EFBC}") = "MQTTnet.NetFramework", "..\..\Externals\MQTTnet\src\MQTTnet.NetFramework\MQTTnet.NetFramework.csproj", "{A480EF90-0EAA-4D9A-B271-47A9C47F6F7D}"
EndProject
Project("{FAE04EC0-301F-11D3-BF4B-00C04F79EFBC}") = "MQTT.NetFramework", "src\MQTT.Client.NetFramework\MQTT.NetFramework.csproj", "{03CBA759-F124-4E8E-A96D-FA1E4CAF670E}"
EndProject
Project("{FAE04EC0-301F-11D3-BF4B-00C04F79EFBC}") = "MQTT.Tests", "test\MQTT.Client.NetFramework\MQTT.Tests\MQTT.Tests.csproj", "{3A1BB4D9-0B05-45E7-B416-C342800B7D6E}"
EndProject
Global
	GlobalSection(SolutionConfigurationPlatforms) = preSolution
		Any CPU|Any CPU = Any CPU|Any CPU
		Any CPU|x64 = Any CPU|x64
		Any CPU|x86 = Any CPU|x86
		Debug|Any CPU = Debug|Any CPU
		Debug|x64 = Debug|x64
		Debug|x86 = Debug|x86
		Release|Any CPU = Release|Any CPU
		Release|x64 = Release|x64
		Release|x86 = Release|x86
	EndGlobalSection
	GlobalSection(ProjectConfigurationPlatforms) = postSolution
		{1644AC31-7622-4CBD-A444-CCD9F2B8AC68}.Any CPU|Any CPU.ActiveCfg = Debug|Any CPU
		{1644AC31-7622-4CBD-A444-CCD9F2B8AC68}.Any CPU|Any CPU.Build.0 = Debug|Any CPU
		{1644AC31-7622-4CBD-A444-CCD9F2B8AC68}.Any CPU|x64.ActiveCfg = Debug|Any CPU
		{1644AC31-7622-4CBD-A444-CCD9F2B8AC68}.Any CPU|x64.Build.0 = Debug|Any CPU
		{1644AC31-7622-4CBD-A444-CCD9F2B8AC68}.Any CPU|x86.ActiveCfg = Debug|Any CPU
		{1644AC31-7622-4CBD-A444-CCD9F2B8AC68}.Any CPU|x86.Build.0 = Debug|Any CPU
		{1644AC31-7622-4CBD-A444-CCD9F2B8AC68}.Debug|Any CPU.ActiveCfg = Debug|Any CPU
		{1644AC31-7622-4CBD-A444-CCD9F2B8AC68}.Debug|Any CPU.Build.0 = Debug|Any CPU
		{1644AC31-7622-4CBD-A444-CCD9F2B8AC68}.Debug|x64.ActiveCfg = Debug|Any CPU
		{1644AC31-7622-4CBD-A444-CCD9F2B8AC68}.Debug|x64.Build.0 = Debug|Any CPU
		{1644AC31-7622-4CBD-A444-CCD9F2B8AC68}.Debug|x86.ActiveCfg = Debug|Any CPU
		{1644AC31-7622-4CBD-A444-CCD9F2B8AC68}.Debug|x86.Build.0 = Debug|Any CPU
		{1644AC31-7622-4CBD-A444-CCD9F2B8AC68}.Release|Any CPU.ActiveCfg = Release|Any CPU
		{1644AC31-7622-4CBD-A444-CCD9F2B8AC68}.Release|Any CPU.Build.0 = Release|Any CPU
		{1644AC31-7622-4CBD-A444-CCD9F2B8AC68}.Release|x64.ActiveCfg = Release|Any CPU
		{1644AC31-7622-4CBD-A444-CCD9F2B8AC68}.Release|x64.Build.0 = Release|Any CPU
		{1644AC31-7622-4CBD-A444-CCD9F2B8AC68}.Release|x86.ActiveCfg = Release|Any CPU
		{1644AC31-7622-4CBD-A444-CCD9F2B8AC68}.Release|x86.Build.0 = Release|Any CPU
		{A480EF90-0EAA-4D9A-B271-47A9C47F6F7D}.Any CPU|Any CPU.ActiveCfg = Any CPU|Any CPU
		{A480EF90-0EAA-4D9A-B271-47A9C47F6F7D}.Any CPU|Any CPU.Build.0 = Any CPU|Any CPU
		{A480EF90-0EAA-4D9A-B271-47A9C47F6F7D}.Any CPU|x64.ActiveCfg = Any CPU|x64
		{A480EF90-0EAA-4D9A-B271-47A9C47F6F7D}.Any CPU|x64.Build.0 = Any CPU|x64
		{A480EF90-0EAA-4D9A-B271-47A9C47F6F7D}.Any CPU|x86.ActiveCfg = Any CPU|x86
		{A480EF90-0EAA-4D9A-B271-47A9C47F6F7D}.Any CPU|x86.Build.0 = Any CPU|x86
		{A480EF90-0EAA-4D9A-B271-47A9C47F6F7D}.Debug|Any CPU.ActiveCfg = Debug|Any CPU
		{A480EF90-0EAA-4D9A-B271-47A9C47F6F7D}.Debug|Any CPU.Build.0 = Debug|Any CPU
		{A480EF90-0EAA-4D9A-B271-47A9C47F6F7D}.Debug|x64.ActiveCfg = Debug|x64
		{A480EF90-0EAA-4D9A-B271-47A9C47F6F7D}.Debug|x64.Build.0 = Debug|x64
		{A480EF90-0EAA-4D9A-B271-47A9C47F6F7D}.Debug|x86.ActiveCfg = Debug|x86
		{A480EF90-0EAA-4D9A-B271-47A9C47F6F7D}.Debug|x86.Build.0 = Debug|x86
		{A480EF90-0EAA-4D9A-B271-47A9C47F6F7D}.Release|Any CPU.ActiveCfg = Release|Any CPU
		{A480EF90-0EAA-4D9A-B271-47A9C47F6F7D}.Release|Any CPU.Build.0 = Release|Any CPU
		{A480EF90-0EAA-4D9A-B271-47A9C47F6F7D}.Release|x64.ActiveCfg = Release|x64
		{A480EF90-0EAA-4D9A-B271-47A9C47F6F7D}.Release|x64.Build.0 = Release|x64
		{A480EF90-0EAA-4D9A-B271-47A9C47F6F7D}.Release|x86.ActiveCfg = Release|x86
		{A480EF90-0EAA-4D9A-B271-47A9C47F6F7D}.Release|x86.Build.0 = Release|x86
		{03CBA759-F124-4E8E-A96D-FA1E4CAF670E}.Any CPU|Any CPU.ActiveCfg = Release|Any CPU
		{03CBA759-F124-4E8E-A96D-FA1E4CAF670E}.Any CPU|Any CPU.Build.0 = Release|Any CPU
		{03CBA759-F124-4E8E-A96D-FA1E4CAF670E}.Any CPU|x64.ActiveCfg = Release|Any CPU
		{03CBA759-F124-4E8E-A96D-FA1E4CAF670E}.Any CPU|x64.Build.0 = Release|Any CPU
		{03CBA759-F124-4E8E-A96D-FA1E4CAF670E}.Any CPU|x86.ActiveCfg = Release|Any CPU
		{03CBA759-F124-4E8E-A96D-FA1E4CAF670E}.Any CPU|x86.Build.0 = Release|Any CPU
		{03CBA759-F124-4E8E-A96D-FA1E4CAF670E}.Debug|Any CPU.ActiveCfg = Debug|Any CPU
		{03CBA759-F124-4E8E-A96D-FA1E4CAF670E}.Debug|Any CPU.Build.0 = Debug|Any CPU
		{03CBA759-F124-4E8E-A96D-FA1E4CAF670E}.Debug|x64.ActiveCfg = Debug|Any CPU
		{03CBA759-F124-4E8E-A96D-FA1E4CAF670E}.Debug|x64.Build.0 = Debug|Any CPU
		{03CBA759-F124-4E8E-A96D-FA1E4CAF670E}.Debug|x86.ActiveCfg = Debug|Any CPU
		{03CBA759-F124-4E8E-A96D-FA1E4CAF670E}.Debug|x86.Build.0 = Debug|Any CPU
		{03CBA759-F124-4E8E-A96D-FA1E4CAF670E}.Release|Any CPU.ActiveCfg = Release|Any CPU
		{03CBA759-F124-4E8E-A96D-FA1E4CAF670E}.Release|Any CPU.Build.0 = Release|Any CPU
		{03CBA759-F124-4E8E-A96D-FA1E4CAF670E}.Release|x64.ActiveCfg = Release|Any CPU
		{03CBA759-F124-4E8E-A96D-FA1E4CAF670E}.Release|x64.Build.0 = Release|Any CPU
		{03CBA759-F124-4E8E-A96D-FA1E4CAF670E}.Release|x86.ActiveCfg = Release|Any CPU
		{03CBA759-F124-4E8E-A96D-FA1E4CAF670E}.Release|x86.Build.0 = Release|Any CPU
		{3A1BB4D9-0B05-45E7-B416-C342800B7D6E}.Any CPU|Any CPU.ActiveCfg = Release|Any CPU
		{3A1BB4D9-0B05-45E7-B416-C342800B7D6E}.Any CPU|Any CPU.Build.0 = Release|Any CPU
		{3A1BB4D9-0B05-45E7-B416-C342800B7D6E}.Any CPU|x64.ActiveCfg = Release|Any CPU
		{3A1BB4D9-0B05-45E7-B416-C342800B7D6E}.Any CPU|x64.Build.0 = Release|Any CPU
		{3A1BB4D9-0B05-45E7-B416-C342800B7D6E}.Any CPU|x86.ActiveCfg = Release|Any CPU
		{3A1BB4D9-0B05-45E7-B416-C342800B7D6E}.Any CPU|x86.Build.0 = Release|Any CPU
		{3A1BB4D9-0B05-45E7-B416-C342800B7D6E}.Debug|Any CPU.ActiveCfg = Debug|Any CPU
		{3A1BB4D9-0B05-45E7-B416-C342800B7D6E}.Debug|Any CPU.Build.0 = Debug|Any CPU
		{3A1BB4D9-0B05-45E7-B416-C342800B7D6E}.Debug|x64.ActiveCfg = Debug|Any CPU
		{3A1BB4D9-0B05-45E7-B416-C342800B7D6E}.Debug|x64.Build.0 = Debug|Any CPU
		{3A1BB4D9-0B05-45E7-B416-C342800B7D6E}.Debug|x86.ActiveCfg = Debug|Any CPU
		{3A1BB4D9-0B05-45E7-B416-C342800B7D6E}.Debug|x86.Build.0 = Debug|Any CPU
		{3A1BB4D9-0B05-45E7-B416-C342800B7D6E}.Release|Any CPU.ActiveCfg = Release|Any CPU
		{3A1BB4D9-0B05-45E7-B416-C342800B7D6E}.Release|Any CPU.Build.0 = Release|Any CPU
		{3A1BB4D9-0B05-45E7-B416-C342800B7D6E}.Release|x64.ActiveCfg = Release|Any CPU
		{3A1BB4D9-0B05-45E7-B416-C342800B7D6E}.Release|x64.Build.0 = Release|Any CPU
		{3A1BB4D9-0B05-45E7-B416-C342800B7D6E}.Release|x86.ActiveCfg = Release|Any CPU
		{3A1BB4D9-0B05-45E7-B416-C342800B7D6E}.Release|x86.Build.0 = Release|Any CPU
	EndGlobalSection
	GlobalSection(SolutionProperties) = preSolution
		HideSolutionNode = FALSE
	EndGlobalSection
	GlobalSection(NestedProjects) = preSolution
		{1644AC31-7622-4CBD-A444-CCD9F2B8AC68} = {920E7C72-1659-4DCF-BB20-B02F4013681E}
		{A480EF90-0EAA-4D9A-B271-47A9C47F6F7D} = {920E7C72-1659-4DCF-BB20-B02F4013681E}
		{03CBA759-F124-4E8E-A96D-FA1E4CAF670E} = {920E7C72-1659-4DCF-BB20-B02F4013681E}
		{3A1BB4D9-0B05-45E7-B416-C342800B7D6E} = {FF193B7A-E9FB-483B-AB9A-EC4B61250D75}
	EndGlobalSection
	GlobalSection(ExtensibilityGlobals) = postSolution
		SolutionGuid = {76FC64A7-3F3D-4EAA-B684-F2924B006806}
	EndGlobalSection
EndGlobal
